
Microsoft Visual Studio Solution File, Format Version 12.00
# Visual Studio Version 17
VisualStudioVersion = 17.14.36518.9 d17.14
MinimumVisualStudioVersion = 10.0.40219.1
Project("{FAE04EC0-301F-11D3-BF4B-00C04F79EFBC}") = "bitruisseau_RomainSchertenleib", "bitruisseau_RomainSchertenleib.csproj", "{BD1B353A-868A-4BE1-9D2E-DFC2875C6A23}"
EndProject
Global
	GlobalSection(SolutionConfigurationPlatforms) = preSolution
		Debug|Any CPU = Debug|Any CPU
		Release|Any CPU = Release|Any CPU
	EndGlobalSection
	GlobalSection(ProjectConfigurationPlatforms) = postSolution
		{BD1B353A-868A-4BE1-9D2E-DFC2875C6A23}.Debug|Any CPU.ActiveCfg = Debug|Any CPU
		{BD1B353A-868A-4BE1-9D2E-DFC2875C6A23}.Debug|Any CPU.Build.0 = Debug|Any CPU
		{BD1B353A-868A-4BE1-9D2E-DFC2875C6A23}.Release|Any CPU.ActiveCfg = Release|Any CPU
		{BD1B353A-868A-4BE1-9D2E-DFC2875C6A23}.Release|Any CPU.Build.0 = Release|Any CPU
	EndGlobalSection
	GlobalSection(SolutionProperties) = preSolution
		HideSolutionNode = FALSE
	EndGlobalSection
	GlobalSection(ExtensibilityGlobals) = postSolution
		SolutionGuid = {13DAF475-54D4-440A-AC6A-739952CDE313}
	EndGlobalSection
EndGlobal
